
Microsoft Visual Studio Solution File, Format Version 12.00
# Visual Studio Version 17
VisualStudioVersion = 17.14.36310.24 d17.14
MinimumVisualStudioVersion = 10.0.40219.1
Project("{FAE04EC0-301F-11D3-BF4B-00C04F79EFBC}") = "CS_DemoLocalFunctions", "CS_DemoLocalFunctions\CS_DemoLocalFunctions.csproj", "{325672F7-80C0-4FE6-A691-B03475E8082E}"
EndProject
Global
	GlobalSection(SolutionConfigurationPlatforms) = preSolution
		Debug|Any CPU = Debug|Any CPU
		Release|Any CPU = Release|Any CPU
	EndGlobalSection
	GlobalSection(ProjectConfigurationPlatforms) = postSolution
		{325672F7-80C0-4FE6-A691-B03475E8082E}.Debug|Any CPU.ActiveCfg = Debug|Any CPU
		{325672F7-80C0-4FE6-A691-B03475E8082E}.Debug|Any CPU.Build.0 = Debug|Any CPU
		{325672F7-80C0-4FE6-A691-B03475E8082E}.Release|Any CPU.ActiveCfg = Release|Any CPU
		{325672F7-80C0-4FE6-A691-B03475E8082E}.Release|Any CPU.Build.0 = Release|Any CPU
	EndGlobalSection
	GlobalSection(SolutionProperties) = preSolution
		HideSolutionNode = FALSE
	EndGlobalSection
	GlobalSection(ExtensibilityGlobals) = postSolution
		SolutionGuid = {B2422FF0-8CF3-49FC-ACE6-FAEA62E4A9E4}
	EndGlobalSection
EndGlobal
