
Microsoft Visual Studio Solution File, Format Version 12.00
# Visual Studio Version 17
VisualStudioVersion = 17.14.36310.24 d17.14
MinimumVisualStudioVersion = 10.0.40219.1
Project("{FAE04EC0-301F-11D3-BF4B-00C04F79EFBC}") = "CS_DemoEncryption", "CS_DemoEncryption\CS_DemoEncryption.csproj", "{073F03F3-73A8-49ED-A7F9-333989359E64}"
EndProject
Global
	GlobalSection(SolutionConfigurationPlatforms) = preSolution
		Debug|Any CPU = Debug|Any CPU
		Release|Any CPU = Release|Any CPU
	EndGlobalSection
	GlobalSection(ProjectConfigurationPlatforms) = postSolution
		{073F03F3-73A8-49ED-A7F9-333989359E64}.Debug|Any CPU.ActiveCfg = Debug|Any CPU
		{073F03F3-73A8-49ED-A7F9-333989359E64}.Debug|Any CPU.Build.0 = Debug|Any CPU
		{073F03F3-73A8-49ED-A7F9-333989359E64}.Release|Any CPU.ActiveCfg = Release|Any CPU
		{073F03F3-73A8-49ED-A7F9-333989359E64}.Release|Any CPU.Build.0 = Release|Any CPU
	EndGlobalSection
	GlobalSection(SolutionProperties) = preSolution
		HideSolutionNode = FALSE
	EndGlobalSection
	GlobalSection(ExtensibilityGlobals) = postSolution
		SolutionGuid = {3D1D3F8E-972D-4745-BDE6-311F0B15E0AA}
	EndGlobalSection
EndGlobal
