
Microsoft Visual Studio Solution File, Format Version 12.00
# Visual Studio Version 17
VisualStudioVersion = 17.14.36310.24 d17.14
MinimumVisualStudioVersion = 10.0.40219.1
Project("{FAE04EC0-301F-11D3-BF4B-00C04F79EFBC}") = "Web_DemoMVCConcepts", "Web_DemoMVCConcepts\Web_DemoMVCConcepts.csproj", "{732C3B66-B109-42DB-AF0F-A56FE1A037FE}"
EndProject
Global
	GlobalSection(SolutionConfigurationPlatforms) = preSolution
		Debug|Any CPU = Debug|Any CPU
		Release|Any CPU = Release|Any CPU
	EndGlobalSection
	GlobalSection(ProjectConfigurationPlatforms) = postSolution
		{732C3B66-B109-42DB-AF0F-A56FE1A037FE}.Debug|Any CPU.ActiveCfg = Debug|Any CPU
		{732C3B66-B109-42DB-AF0F-A56FE1A037FE}.Debug|Any CPU.Build.0 = Debug|Any CPU
		{732C3B66-B109-42DB-AF0F-A56FE1A037FE}.Release|Any CPU.ActiveCfg = Release|Any CPU
		{732C3B66-B109-42DB-AF0F-A56FE1A037FE}.Release|Any CPU.Build.0 = Release|Any CPU
	EndGlobalSection
	GlobalSection(SolutionProperties) = preSolution
		HideSolutionNode = FALSE
	EndGlobalSection
	GlobalSection(ExtensibilityGlobals) = postSolution
		SolutionGuid = {5FE9A279-3653-4EBB-8953-7742D1592FAC}
	EndGlobalSection
EndGlobal
