
Microsoft Visual Studio Solution File, Format Version 12.00
# Visual Studio Version 17
VisualStudioVersion = 17.14.36310.24
MinimumVisualStudioVersion = 10.0.40219.1
Project("{FAE04EC0-301F-11D3-BF4B-00C04F79EFBC}") = "Web_DemoMVCBasics", "Web_DemoMVCBasics\Web_DemoMVCBasics.csproj", "{4C31DD45-152E-44B3-941B-2B54843AFED6}"
EndProject
Project("{FAE04EC0-301F-11D3-BF4B-00C04F79EFBC}") = "MyLib", "MyLib\MyLib.csproj", "{B110A984-379B-4D4F-B458-3805D78623E9}"
EndProject
Global
	GlobalSection(SolutionConfigurationPlatforms) = preSolution
		Debug|Any CPU = Debug|Any CPU
		Release|Any CPU = Release|Any CPU
	EndGlobalSection
	GlobalSection(ProjectConfigurationPlatforms) = postSolution
		{4C31DD45-152E-44B3-941B-2B54843AFED6}.Debug|Any CPU.ActiveCfg = Debug|Any CPU
		{4C31DD45-152E-44B3-941B-2B54843AFED6}.Debug|Any CPU.Build.0 = Debug|Any CPU
		{4C31DD45-152E-44B3-941B-2B54843AFED6}.Release|Any CPU.ActiveCfg = Release|Any CPU
		{4C31DD45-152E-44B3-941B-2B54843AFED6}.Release|Any CPU.Build.0 = Release|Any CPU
		{B110A984-379B-4D4F-B458-3805D78623E9}.Debug|Any CPU.ActiveCfg = Debug|Any CPU
		{B110A984-379B-4D4F-B458-3805D78623E9}.Debug|Any CPU.Build.0 = Debug|Any CPU
		{B110A984-379B-4D4F-B458-3805D78623E9}.Release|Any CPU.ActiveCfg = Release|Any CPU
		{B110A984-379B-4D4F-B458-3805D78623E9}.Release|Any CPU.Build.0 = Release|Any CPU
	EndGlobalSection
	GlobalSection(SolutionProperties) = preSolution
		HideSolutionNode = FALSE
	EndGlobalSection
	GlobalSection(ExtensibilityGlobals) = postSolution
		SolutionGuid = {7343BAE1-3040-494B-8F81-29A1E6380C05}
	EndGlobalSection
EndGlobal
