
Microsoft Visual Studio Solution File, Format Version 12.00
# Visual Studio Version 17
VisualStudioVersion = 17.14.36221.1 d17.14
MinimumVisualStudioVersion = 10.0.40219.1
Project("{FAE04EC0-301F-11D3-BF4B-00C04F79EFBC}") = "CS_NullableValueTypes", "CS_NullableValueTypes\CS_NullableValueTypes.csproj", "{5315D52D-6368-4AF2-A687-97463E6A40B2}"
EndProject
Global
	GlobalSection(SolutionConfigurationPlatforms) = preSolution
		Debug|Any CPU = Debug|Any CPU
		Release|Any CPU = Release|Any CPU
	EndGlobalSection
	GlobalSection(ProjectConfigurationPlatforms) = postSolution
		{5315D52D-6368-4AF2-A687-97463E6A40B2}.Debug|Any CPU.ActiveCfg = Debug|Any CPU
		{5315D52D-6368-4AF2-A687-97463E6A40B2}.Debug|Any CPU.Build.0 = Debug|Any CPU
		{5315D52D-6368-4AF2-A687-97463E6A40B2}.Release|Any CPU.ActiveCfg = Release|Any CPU
		{5315D52D-6368-4AF2-A687-97463E6A40B2}.Release|Any CPU.Build.0 = Release|Any CPU
	EndGlobalSection
	GlobalSection(SolutionProperties) = preSolution
		HideSolutionNode = FALSE
	EndGlobalSection
	GlobalSection(ExtensibilityGlobals) = postSolution
		SolutionGuid = {F90BF542-C635-48C1-8452-DA33F9FB4B62}
	EndGlobalSection
EndGlobal
