
Microsoft Visual Studio Solution File, Format Version 12.00
# Visual Studio Version 17
VisualStudioVersion = 17.14.36310.24 d17.14
MinimumVisualStudioVersion = 10.0.40219.1
Project("{FAE04EC0-301F-11D3-BF4B-00C04F79EFBC}") = "CS_DemoFunctionsAndParameters", "CS_DemoFunctionsAndParameters\CS_DemoFunctionsAndParameters.csproj", "{8DCD8621-5AB8-49CE-9348-1780D158B311}"
EndProject
Global
	GlobalSection(SolutionConfigurationPlatforms) = preSolution
		Debug|Any CPU = Debug|Any CPU
		Release|Any CPU = Release|Any CPU
	EndGlobalSection
	GlobalSection(ProjectConfigurationPlatforms) = postSolution
		{8DCD8621-5AB8-49CE-9348-1780D158B311}.Debug|Any CPU.ActiveCfg = Debug|Any CPU
		{8DCD8621-5AB8-49CE-9348-1780D158B311}.Debug|Any CPU.Build.0 = Debug|Any CPU
		{8DCD8621-5AB8-49CE-9348-1780D158B311}.Release|Any CPU.ActiveCfg = Release|Any CPU
		{8DCD8621-5AB8-49CE-9348-1780D158B311}.Release|Any CPU.Build.0 = Release|Any CPU
	EndGlobalSection
	GlobalSection(SolutionProperties) = preSolution
		HideSolutionNode = FALSE
	EndGlobalSection
	GlobalSection(ExtensibilityGlobals) = postSolution
		SolutionGuid = {DBA168B7-DED0-4021-B99E-A0F9F43A5725}
	EndGlobalSection
EndGlobal
