
Microsoft Visual Studio Solution File, Format Version 12.00
# Visual Studio Version 17
VisualStudioVersion = 17.14.36221.1 d17.14
MinimumVisualStudioVersion = 10.0.40219.1
Project("{FAE04EC0-301F-11D3-BF4B-00C04F79EFBC}") = "CS_DemoArrays", "CS_DemoArrays\CS_DemoArrays.csproj", "{9129CF18-5A6C-4A19-874D-B53E40E4D5C3}"
EndProject
Global
	GlobalSection(SolutionConfigurationPlatforms) = preSolution
		Debug|Any CPU = Debug|Any CPU
		Release|Any CPU = Release|Any CPU
	EndGlobalSection
	GlobalSection(ProjectConfigurationPlatforms) = postSolution
		{9129CF18-5A6C-4A19-874D-B53E40E4D5C3}.Debug|Any CPU.ActiveCfg = Debug|Any CPU
		{9129CF18-5A6C-4A19-874D-B53E40E4D5C3}.Debug|Any CPU.Build.0 = Debug|Any CPU
		{9129CF18-5A6C-4A19-874D-B53E40E4D5C3}.Release|Any CPU.ActiveCfg = Release|Any CPU
		{9129CF18-5A6C-4A19-874D-B53E40E4D5C3}.Release|Any CPU.Build.0 = Release|Any CPU
	EndGlobalSection
	GlobalSection(SolutionProperties) = preSolution
		HideSolutionNode = FALSE
	EndGlobalSection
	GlobalSection(ExtensibilityGlobals) = postSolution
		SolutionGuid = {1A5B8423-75C2-4EB0-B512-DAC770C4678F}
	EndGlobalSection
EndGlobal
