
Microsoft Visual Studio Solution File, Format Version 12.00
# Visual Studio Version 17
VisualStudioVersion = 17.14.36310.24 d17.14
MinimumVisualStudioVersion = 10.0.40219.1
Project("{FAE04EC0-301F-11D3-BF4B-00C04F79EFBC}") = "CS_DemoOperatorOverloading", "CS_DemoOperatorOverloading\CS_DemoOperatorOverloading.csproj", "{7875BE4B-3EBB-49F5-8E2E-11F0129C1EFD}"
EndProject
Global
	GlobalSection(SolutionConfigurationPlatforms) = preSolution
		Debug|Any CPU = Debug|Any CPU
		Release|Any CPU = Release|Any CPU
	EndGlobalSection
	GlobalSection(ProjectConfigurationPlatforms) = postSolution
		{7875BE4B-3EBB-49F5-8E2E-11F0129C1EFD}.Debug|Any CPU.ActiveCfg = Debug|Any CPU
		{7875BE4B-3EBB-49F5-8E2E-11F0129C1EFD}.Debug|Any CPU.Build.0 = Debug|Any CPU
		{7875BE4B-3EBB-49F5-8E2E-11F0129C1EFD}.Release|Any CPU.ActiveCfg = Release|Any CPU
		{7875BE4B-3EBB-49F5-8E2E-11F0129C1EFD}.Release|Any CPU.Build.0 = Release|Any CPU
	EndGlobalSection
	GlobalSection(SolutionProperties) = preSolution
		HideSolutionNode = FALSE
	EndGlobalSection
	GlobalSection(ExtensibilityGlobals) = postSolution
		SolutionGuid = {BBE0187A-B27A-47F5-A58D-376703B6351A}
	EndGlobalSection
EndGlobal
